// !$*UTF8*$!
{
	archiveVersion = 1;
	classes = {
	};
	objectVersion = 50;
	objects = {

/* Begin PBXBuildFile section */
		153BF71125FB1FEC0061A276 /* AppDelegate.swift in Sources */ = {isa = PBXBuildFile; fileRef = 153BF71025FB1FEC0061A276 /* AppDelegate.swift */; };
		153BF71325FB1FEC0061A276 /* SceneDelegate.swift in Sources */ = {isa = PBXBuildFile; fileRef = 153BF71225FB1FEC0061A276 /* SceneDelegate.swift */; };
		153BF71525FB1FEC0061A276 /* ViewController.swift in Sources */ = {isa = PBXBuildFile; fileRef = 153BF71425FB1FEC0061A276 /* ViewController.swift */; };
		153BF71825FB1FEC0061A276 /* Main.storyboard in Resources */ = {isa = PBXBuildFile; fileRef = 153BF71625FB1FEC0061A276 /* Main.storyboard */; };
		153BF71A25FB1FF10061A276 /* Assets.xcassets in Resources */ = {isa = PBXBuildFile; fileRef = 153BF71925FB1FF10061A276 /* Assets.xcassets */; };
		153BF71D25FB1FF10061A276 /* LaunchScreen.storyboard in Resources */ = {isa = PBXBuildFile; fileRef = 153BF71B25FB1FF10061A276 /* LaunchScreen.storyboard */; };
		153BF72825FB1FF10061A276 /* ParstagramTests.swift in Sources */ = {isa = PBXBuildFile; fileRef = 153BF72725FB1FF10061A276 /* ParstagramTests.swift */; };
		153BF73325FB1FF20061A276 /* ParstagramUITests.swift in Sources */ = {isa = PBXBuildFile; fileRef = 153BF73225FB1FF20061A276 /* ParstagramUITests.swift */; };
/* End PBXBuildFile section */

/* Begin PBXContainerItemProxy section */
		153BF72425FB1FF10061A276 /* PBXContainerItemProxy */ = {
			isa = PBXContainerItemProxy;
			containerPortal = 153BF70525FB1FEC0061A276 /* Project object */;
			proxyType = 1;
			remoteGlobalIDString = 153BF70C25FB1FEC0061A276;
			remoteInfo = Parstagram;
		};
		153BF72F25FB1FF10061A276 /* PBXContainerItemProxy */ = {
			isa = PBXContainerItemProxy;
			containerPortal = 153BF70525FB1FEC0061A276 /* Project object */;
			proxyType = 1;
			remoteGlobalIDString = 153BF70C25FB1FEC0061A276;
			remoteInfo = Parstagram;
		};
/* End PBXContainerItemProxy section */

/* Begin PBXFileReference section */
		153BF70D25FB1FEC0061A276 /* Parstagram.app */ = {isa = PBXFileReference; explicitFileType = wrapper.application; includeInIndex = 0; path = Parstagram.app; sourceTree = BUILT_PRODUCTS_DIR; };
		153BF71025FB1FEC0061A276 /* AppDelegate.swift */ = {isa = PBXFileReference; lastKnownFileType = sourcecode.swift; path = AppDelegate.swift; sourceTree = "<group>"; };
		153BF71225FB1FEC0061A276 /* SceneDelegate.swift */ = {isa = PBXFileReference; lastKnownFileType = sourcecode.swift; path = SceneDelegate.swift; sourceTree = "<group>"; };
		153BF71425FB1FEC0061A276 /* ViewController.swift */ = {isa = PBXFileReference; lastKnownFileType = sourcecode.swift; path = ViewController.swift; sourceTree = "<group>"; };
		153BF71725FB1FEC0061A276 /* Base */ = {isa = PBXFileReference; lastKnownFileType = file.storyboard; name = Base; path = Base.lproj/Main.storyboard; sourceTree = "<group>"; };
		153BF71925FB1FF10061A276 /* Assets.xcassets */ = {isa = PBXFileReference; lastKnownFileType = folder.assetcatalog; path = Assets.xcassets; sourceTree = "<group>"; };
		153BF71C25FB1FF10061A276 /* Base */ = {isa = PBXFileReference; lastKnownFileType = file.storyboard; name = Base; path = Base.lproj/LaunchScreen.storyboard; sourceTree = "<group>"; };
		153BF71E25FB1FF10061A276 /* Info.plist */ = {isa = PBXFileReference; lastKnownFileType = text.plist.xml; path = Info.plist; sourceTree = "<group>"; };
		153BF72325FB1FF10061A276 /* ParstagramTests.xctest */ = {isa = PBXFileReference; explicitFileType = wrapper.cfbundle; includeInIndex = 0; path = ParstagramTests.xctest; sourceTree = BUILT_PRODUCTS_DIR; };
		153BF72725FB1FF10061A276 /* ParstagramTests.swift */ = {isa = PBXFileReference; lastKnownFileType = sourcecode.swift; path = ParstagramTests.swift; sourceTree = "<group>"; };
		153BF72925FB1FF10061A276 /* Info.plist */ = {isa = PBXFileReference; lastKnownFileType = text.plist.xml; path = Info.plist; sourceTree = "<group>"; };
		153BF72E25FB1FF10061A276 /* ParstagramUITests.xctest */ = {isa = PBXFileReference; explicitFileType = wrapper.cfbundle; includeInIndex = 0; path = ParstagramUITests.xctest; sourceTree = BUILT_PRODUCTS_DIR; };
		153BF73225FB1FF20061A276 /* ParstagramUITests.swift */ = {isa = PBXFileReference; lastKnownFileType = sourcecode.swift; path = ParstagramUITests.swift; sourceTree = "<group>"; };
		153BF73425FB1FF20061A276 /* Info.plist */ = {isa = PBXFileReference; lastKnownFileType = text.plist.xml; path = Info.plist; sourceTree = "<group>"; };
/* End PBXFileReference section */

/* Begin PBXFrameworksBuildPhase section */
		153BF70A25FB1FEC0061A276 /* Frameworks */ = {
			isa = PBXFrameworksBuildPhase;
			buildActionMask = 2147483647;
			files = (
			);
			runOnlyForDeploymentPostprocessing = 0;
		};
		153BF72025FB1FF10061A276 /* Frameworks */ = {
			isa = PBXFrameworksBuildPhase;
			buildActionMask = 2147483647;
			files = (
			);
			runOnlyForDeploymentPostprocessing = 0;
		};
		153BF72B25FB1FF10061A276 /* Frameworks */ = {
			isa = PBXFrameworksBuildPhase;
			buildActionMask = 2147483647;
			files = (
			);
			runOnlyForDeploymentPostprocessing = 0;
		};
/* End PBXFrameworksBuildPhase section */

/* Begin PBXGroup section */
		153BF70425FB1FEC0061A276 = {
			isa = PBXGroup;
			children = (
				153BF70F25FB1FEC0061A276 /* Parstagram */,
				153BF72625FB1FF10061A276 /* ParstagramTests */,
				153BF73125FB1FF10061A276 /* ParstagramUITests */,
				153BF70E25FB1FEC0061A276 /* Products */,
			);
			sourceTree = "<group>";
		};
		153BF70E25FB1FEC0061A276 /* Products */ = {
			isa = PBXGroup;
			children = (
				153BF70D25FB1FEC0061A276 /* Parstagram.app */,
				153BF72325FB1FF10061A276 /* ParstagramTests.xctest */,
				153BF72E25FB1FF10061A276 /* ParstagramUITests.xctest */,
			);
			name = Products;
			sourceTree = "<group>";
		};
		153BF70F25FB1FEC0061A276 /* Parstagram */ = {
			isa = PBXGroup;
			children = (
				153BF71025FB1FEC0061A276 /* AppDelegate.swift */,
				153BF71225FB1FEC0061A276 /* SceneDelegate.swift */,
				153BF71425FB1FEC0061A276 /* ViewController.swift */,
				153BF71625FB1FEC0061A276 /* Main.storyboard */,
				153BF71925FB1FF10061A276 /* Assets.xcassets */,
				153BF71B25FB1FF10061A276 /* LaunchScreen.storyboard */,
				153BF71E25FB1FF10061A276 /* Info.plist */,
			);
			path = Parstagram;
			sourceTree = "<group>";
		};
		153BF72625FB1FF10061A276 /* ParstagramTests */ = {
			isa = PBXGroup;
			children = (
				153BF72725FB1FF10061A276 /* ParstagramTests.swift */,
				153BF72925FB1FF10061A276 /* Info.plist */,
			);
			path = ParstagramTests;
			sourceTree = "<group>";
		};
		153BF73125FB1FF10061A276 /* ParstagramUITests */ = {
			isa = PBXGroup;
			children = (
				153BF73225FB1FF20061A276 /* ParstagramUITests.swift */,
				153BF73425FB1FF20061A276 /* Info.plist */,
			);
			path = ParstagramUITests;
			sourceTree = "<group>";
		};
/* End PBXGroup section */

/* Begin PBXNativeTarget section */
		153BF70C25FB1FEC0061A276 /* Parstagram */ = {
			isa = PBXNativeTarget;
			buildConfigurationList = 153BF73725FB1FF20061A276 /* Build configuration list for PBXNativeTarget "Parstagram" */;
			buildPhases = (
				153BF70925FB1FEC0061A276 /* Sources */,
				153BF70A25FB1FEC0061A276 /* Frameworks */,
				153BF70B25FB1FEC0061A276 /* Resources */,
			);
			buildRules = (
			);
			dependencies = (
			);
			name = Parstagram;
			productName = Parstagram;
			productReference = 153BF70D25FB1FEC0061A276 /* Parstagram.app */;
			productType = "com.apple.product-type.application";
		};
		153BF72225FB1FF10061A276 /* ParstagramTests */ = {
			isa = PBXNativeTarget;
			buildConfigurationList = 153BF73A25FB1FF20061A276 /* Build configuration list for PBXNativeTarget "ParstagramTests" */;
			buildPhases = (
				153BF71F25FB1FF10061A276 /* Sources */,
				153BF72025FB1FF10061A276 /* Frameworks */,
				153BF72125FB1FF10061A276 /* Resources */,
			);
			buildRules = (
			);
			dependencies = (
				153BF72525FB1FF10061A276 /* PBXTargetDependency */,
			);
			name = ParstagramTests;
			productName = ParstagramTests;
			productReference = 153BF72325FB1FF10061A276 /* ParstagramTests.xctest */;
			productType = "com.apple.product-type.bundle.unit-test";
		};
		153BF72D25FB1FF10061A276 /* ParstagramUITests */ = {
			isa = PBXNativeTarget;
			buildConfigurationList = 153BF73D25FB1FF20061A276 /* Build configuration list for PBXNativeTarget "ParstagramUITests" */;
			buildPhases = (
				153BF72A25FB1FF10061A276 /* Sources */,
				153BF72B25FB1FF10061A276 /* Frameworks */,
				153BF72C25FB1FF10061A276 /* Resources */,
			);
			buildRules = (
			);
			dependencies = (
				153BF73025FB1FF10061A276 /* PBXTargetDependency */,
			);
			name = ParstagramUITests;
			productName = ParstagramUITests;
			productReference = 153BF72E25FB1FF10061A276 /* ParstagramUITests.xctest */;
			productType = "com.apple.product-type.bundle.ui-testing";
		};
/* End PBXNativeTarget section */

/* Begin PBXProject section */
		153BF70525FB1FEC0061A276 /* Project object */ = {
			isa = PBXProject;
			attributes = {
				LastSwiftUpdateCheck = 1230;
				LastUpgradeCheck = 1230;
				TargetAttributes = {
					153BF70C25FB1FEC0061A276 = {
						CreatedOnToolsVersion = 12.3;
					};
					153BF72225FB1FF10061A276 = {
						CreatedOnToolsVersion = 12.3;
						TestTargetID = 153BF70C25FB1FEC0061A276;
					};
					153BF72D25FB1FF10061A276 = {
						CreatedOnToolsVersion = 12.3;
						TestTargetID = 153BF70C25FB1FEC0061A276;
					};
				};
			};
			buildConfigurationList = 153BF70825FB1FEC0061A276 /* Build configuration list for PBXProject "Parstagram" */;
			compatibilityVersion = "Xcode 9.3";
			developmentRegion = en;
			hasScannedForEncodings = 0;
			knownRegions = (
				en,
				Base,
			);
			mainGroup = 153BF70425FB1FEC0061A276;
			productRefGroup = 153BF70E25FB1FEC0061A276 /* Products */;
			projectDirPath = "";
			projectRoot = "";
			targets = (
				153BF70C25FB1FEC0061A276 /* Parstagram */,
				153BF72225FB1FF10061A276 /* ParstagramTests */,
				153BF72D25FB1FF10061A276 /* ParstagramUITests */,
			);
		};
/* End PBXProject section */

/* Begin PBXResourcesBuildPhase section */
		153BF70B25FB1FEC0061A276 /* Resources */ = {
			isa = PBXResourcesBuildPhase;
			buildActionMask = 2147483647;
			files = (
				153BF71D25FB1FF10061A276 /* LaunchScreen.storyboard in Resources */,
				153BF71A25FB1FF10061A276 /* Assets.xcassets in Resources */,
				153BF71825FB1FEC0061A276 /* Main.storyboard in Resources */,
			);
			runOnlyForDeploymentPostprocessing = 0;
		};
		153BF72125FB1FF10061A276 /* Resources */ = {
			isa = PBXResourcesBuildPhase;
			buildActionMask = 2147483647;
			files = (
			);
			runOnlyForDeploymentPostprocessing = 0;
		};
		153BF72C25FB1FF10061A276 /* Resources */ = {
			isa = PBXResourcesBuildPhase;
			buildActionMask = 2147483647;
			files = (
			);
			runOnlyForDeploymentPostprocessing = 0;
		};
/* End PBXResourcesBuildPhase section */

/* Begin PBXSourcesBuildPhase section */
		153BF70925FB1FEC0061A276 /* Sources */ = {
			isa = PBXSourcesBuildPhase;
			buildActionMask = 2147483647;
			files = (
				153BF71525FB1FEC0061A276 /* ViewController.swift in Sources */,
				153BF71125FB1FEC0061A276 /* AppDelegate.swift in Sources */,
				153BF71325FB1FEC0061A276 /* SceneDelegate.swift in Sources */,
			);
			runOnlyForDeploymentPostprocessing = 0;
		};
		153BF71F25FB1FF10061A276 /* Sources */ = {
			isa = PBXSourcesBuildPhase;
			buildActionMask = 2147483647;
			files = (
				153BF72825FB1FF10061A276 /* ParstagramTests.swift in Sources */,
			);
			runOnlyForDeploymentPostprocessing = 0;
		};
		153BF72A25FB1FF10061A276 /* Sources */ = {
			isa = PBXSourcesBuildPhase;
			buildActionMask = 2147483647;
			files = (
				153BF73325FB1FF20061A276 /* ParstagramUITests.swift in Sources */,
			);
			runOnlyForDeploymentPostprocessing = 0;
		};
/* End PBXSourcesBuildPhase section */

/* Begin PBXTargetDependency section */
		153BF72525FB1FF10061A276 /* PBXTargetDependency */ = {
			isa = PBXTargetDependency;
			target = 153BF70C25FB1FEC0061A276 /* Parstagram */;
			targetProxy = 153BF72425FB1FF10061A276 /* PBXContainerItemProxy */;
		};
		153BF73025FB1FF10061A276 /* PBXTargetDependency */ = {
			isa = PBXTargetDependency;
			target = 153BF70C25FB1FEC0061A276 /* Parstagram */;
			targetProxy = 153BF72F25FB1FF10061A276 /* PBXContainerItemProxy */;
		};
/* End PBXTargetDependency section */

/* Begin PBXVariantGroup section */
		153BF71625FB1FEC0061A276 /* Main.storyboard */ = {
			isa = PBXVariantGroup;
			children = (
				153BF71725FB1FEC0061A276 /* Base */,
			);
			name = Main.storyboard;
			sourceTree = "<group>";
		};
		153BF71B25FB1FF10061A276 /* LaunchScreen.storyboard */ = {
			isa = PBXVariantGroup;
			children = (
				153BF71C25FB1FF10061A276 /* Base */,
			);
			name = LaunchScreen.storyboard;
			sourceTree = "<group>";
		};
/* End PBXVariantGroup section */

/* Begin XCBuildConfiguration section */
		153BF73525FB1FF20061A276 /* Debug */ = {
			isa = XCBuildConfiguration;
			buildSettings = {
				ALWAYS_SEARCH_USER_PATHS = NO;
				CLANG_ANALYZER_NONNULL = YES;
				CLANG_ANALYZER_NUMBER_OBJECT_CONVERSION = YES_AGGRESSIVE;
				CLANG_CXX_LANGUAGE_STANDARD = "gnu++14";
				CLANG_CXX_LIBRARY = "libc++";
				CLANG_ENABLE_MODULES = YES;
				CLANG_ENABLE_OBJC_ARC = YES;
				CLANG_ENABLE_OBJC_WEAK = YES;
				CLANG_WARN_BLOCK_CAPTURE_AUTORELEASING = YES;
				CLANG_WARN_BOOL_CONVERSION = YES;
				CLANG_WARN_COMMA = YES;
				CLANG_WARN_CONSTANT_CONVERSION = YES;
				CLANG_WARN_DEPRECATED_OBJC_IMPLEMENTATIONS = YES;
				CLANG_WARN_DIRECT_OBJC_ISA_USAGE = YES_ERROR;
				CLANG_WARN_DOCUMENTATION_COMMENTS = YES;
				CLANG_WARN_EMPTY_BODY = YES;
				CLANG_WARN_ENUM_CONVERSION = YES;
				CLANG_WARN_INFINITE_RECURSION = YES;
				CLANG_WARN_INT_CONVERSION = YES;
				CLANG_WARN_NON_LITERAL_NULL_CONVERSION = YES;
				CLANG_WARN_OBJC_IMPLICIT_RETAIN_SELF = YES;
				CLANG_WARN_OBJC_LITERAL_CONVERSION = YES;
				CLANG_WARN_OBJC_ROOT_CLASS = YES_ERROR;
				CLANG_WARN_QUOTED_INCLUDE_IN_FRAMEWORK_HEADER = YES;
				CLANG_WARN_RANGE_LOOP_ANALYSIS = YES;
				CLANG_WARN_STRICT_PROTOTYPES = YES;
				CLANG_WARN_SUSPICIOUS_MOVE = YES;
				CLANG_WARN_UNGUARDED_AVAILABILITY = YES_AGGRESSIVE;
				CLANG_WARN_UNREACHABLE_CODE = YES;
				CLANG_WARN__DUPLICATE_METHOD_MATCH = YES;
				COPY_PHASE_STRIP = NO;
				DEBUG_INFORMATION_FORMAT = dwarf;
				ENABLE_STRICT_OBJC_MSGSEND = YES;
				ENABLE_TESTABILITY = YES;
				GCC_C_LANGUAGE_STANDARD = gnu11;
				GCC_DYNAMIC_NO_PIC = NO;
				GCC_NO_COMMON_BLOCKS = YES;
				GCC_OPTIMIZATION_LEVEL = 0;
				GCC_PREPROCESSOR_DEFINITIONS = (
					"DEBUG=1",
					"$(inherited)",
				);
				GCC_WARN_64_TO_32_BIT_CONVERSION = YES;
				GCC_WARN_ABOUT_RETURN_TYPE = YES_ERROR;
				GCC_WARN_UNDECLARED_SELECTOR = YES;
				GCC_WARN_UNINITIALIZED_AUTOS = YES_AGGRESSIVE;
				GCC_WARN_UNUSED_FUNCTION = YES;
				GCC_WARN_UNUSED_VARIABLE = YES;
				IPHONEOS_DEPLOYMENT_TARGET = 14.3;
				MTL_ENABLE_DEBUG_INFO = INCLUDE_SOURCE;
				MTL_FAST_MATH = YES;
				ONLY_ACTIVE_ARCH = YES;
				SDKROOT = iphoneos;
				SWIFT_ACTIVE_COMPILATION_CONDITIONS = DEBUG;
				SWIFT_OPTIMIZATION_LEVEL = "-Onone";
			};
			name = Debug;
		};
		153BF73625FB1FF20061A276 /* Release */ = {
			isa = XCBuildConfiguration;
			buildSettings = {
				ALWAYS_SEARCH_USER_PATHS = NO;
				CLANG_ANALYZER_NONNULL = YES;
				CLANG_ANALYZER_NUMBER_OBJECT_CONVERSION = YES_AGGRESSIVE;
				CLANG_CXX_LANGUAGE_STANDARD = "gnu++14";
				CLANG_CXX_LIBRARY = "libc++";
				CLANG_ENABLE_MODULES = YES;
				CLANG_ENABLE_OBJC_ARC = YES;
				CLANG_ENABLE_OBJC_WEAK = YES;
				CLANG_WARN_BLOCK_CAPTURE_AUTORELEASING = YES;
				CLANG_WARN_BOOL_CONVERSION = YES;
				CLANG_WARN_COMMA = YES;
				CLANG_WARN_CONSTANT_CONVERSION = YES;
				CLANG_WARN_DEPRECATED_OBJC_IMPLEMENTATIONS = YES;
				CLANG_WARN_DIRECT_OBJC_ISA_USAGE = YES_ERROR;
				CLANG_WARN_DOCUMENTATION_COMMENTS = YES;
				CLANG_WARN_EMPTY_BODY = YES;
				CLANG_WARN_ENUM_CONVERSION = YES;
				CLANG_WARN_INFINITE_RECURSION = YES;
				CLANG_WARN_INT_CONVERSION = YES;
				CLANG_WARN_NON_LITERAL_NULL_CONVERSION = YES;
				CLANG_WARN_OBJC_IMPLICIT_RETAIN_SELF = YES;
				CLANG_WARN_OBJC_LITERAL_CONVERSION = YES;
				CLANG_WARN_OBJC_ROOT_CLASS = YES_ERROR;
				CLANG_WARN_QUOTED_INCLUDE_IN_FRAMEWORK_HEADER = YES;
				CLANG_WARN_RANGE_LOOP_ANALYSIS = YES;
				CLANG_WARN_STRICT_PROTOTYPES = YES;
				CLANG_WARN_SUSPICIOUS_MOVE = YES;
				CLANG_WARN_UNGUARDED_AVAILABILITY = YES_AGGRESSIVE;
				CLANG_WARN_UNREACHABLE_CODE = YES;
				CLANG_WARN__DUPLICATE_METHOD_MATCH = YES;
				COPY_PHASE_STRIP = NO;
				DEBUG_INFORMATION_FORMAT = "dwarf-with-dsym";
				ENABLE_NS_ASSERTIONS = NO;
				ENABLE_STRICT_OBJC_MSGSEND = YES;
				GCC_C_LANGUAGE_STANDARD = gnu11;
				GCC_NO_COMMON_BLOCKS = YES;
				GCC_WARN_64_TO_32_BIT_CONVERSION = YES;
				GCC_WARN_ABOUT_RETURN_TYPE = YES_ERROR;
				GCC_WARN_UNDECLARED_SELECTOR = YES;
				GCC_WARN_UNINITIALIZED_AUTOS = YES_AGGRESSIVE;
				GCC_WARN_UNUSED_FUNCTION = YES;
				GCC_WARN_UNUSED_VARIABLE = YES;
				IPHONEOS_DEPLOYMENT_TARGET = 14.3;
				MTL_ENABLE_DEBUG_INFO = NO;
				MTL_FAST_MATH = YES;
				SDKROOT = iphoneos;
				SWIFT_COMPILATION_MODE = wholemodule;
				SWIFT_OPTIMIZATION_LEVEL = "-O";
				VALIDATE_PRODUCT = YES;
			};
			name = Release;
		};
		153BF73825FB1FF20061A276 /* Debug */ = {
			isa = XCBuildConfiguration;
			buildSettings = {
				ASSETCATALOG_COMPILER_APPICON_NAME = AppIcon;
				ASSETCATALOG_COMPILER_GLOBAL_ACCENT_COLOR_NAME = AccentColor;
				CODE_SIGN_STYLE = Automatic;
				INFOPLIST_FILE = Parstagram/Info.plist;
				LD_RUNPATH_SEARCH_PATHS = (
					"$(inherited)",
					"@executable_path/Frameworks",
				);
				PRODUCT_BUNDLE_IDENTIFIER = abdurrahman.Parstagram;
				PRODUCT_NAME = "$(TARGET_NAME)";
				SWIFT_VERSION = 5.0;
				TARGETED_DEVICE_FAMILY = "1,2";
			};
			name = Debug;
		};
		153BF73925FB1FF20061A276 /* Release */ = {
			isa = XCBuildConfiguration;
			buildSettings = {
				ASSETCATALOG_COMPILER_APPICON_NAME = AppIcon;
				ASSETCATALOG_COMPILER_GLOBAL_ACCENT_COLOR_NAME = AccentColor;
				CODE_SIGN_STYLE = Automatic;
				INFOPLIST_FILE = Parstagram/Info.plist;
				LD_RUNPATH_SEARCH_PATHS = (
					"$(inherited)",
					"@executable_path/Frameworks",
				);
				PRODUCT_BUNDLE_IDENTIFIER = abdurrahman.Parstagram;
				PRODUCT_NAME = "$(TARGET_NAME)";
				SWIFT_VERSION = 5.0;
				TARGETED_DEVICE_FAMILY = "1,2";
			};
			name = Release;
		};
		153BF73B25FB1FF20061A276 /* Debug */ = {
			isa = XCBuildConfiguration;
			buildSettings = {
				ALWAYS_EMBED_SWIFT_STANDARD_LIBRARIES = YES;
				BUNDLE_LOADER = "$(TEST_HOST)";
				CODE_SIGN_STYLE = Automatic;
				INFOPLIST_FILE = ParstagramTests/Info.plist;
				IPHONEOS_DEPLOYMENT_TARGET = 14.3;
				LD_RUNPATH_SEARCH_PATHS = (
					"$(inherited)",
					"@executable_path/Frameworks",
					"@loader_path/Frameworks",
				);
				PRODUCT_BUNDLE_IDENTIFIER = abdurrahman.ParstagramTests;
				PRODUCT_NAME = "$(TARGET_NAME)";
				SWIFT_VERSION = 5.0;
				TARGETED_DEVICE_FAMILY = "1,2";
				TEST_HOST = "$(BUILT_PRODUCTS_DIR)/Parstagram.app/Parstagram";
			};
			name = Debug;
		};
		153BF73C25FB1FF20061A276 /* Release */ = {
			isa = XCBuildConfiguration;
			buildSettings = {
				ALWAYS_EMBED_SWIFT_STANDARD_LIBRARIES = YES;
				BUNDLE_LOADER = "$(TEST_HOST)";
				CODE_SIGN_STYLE = Automatic;
				INFOPLIST_FILE = ParstagramTests/Info.plist;
				IPHONEOS_DEPLOYMENT_TARGET = 14.3;
				LD_RUNPATH_SEARCH_PATHS = (
					"$(inherited)",
					"@executable_path/Frameworks",
					"@loader_path/Frameworks",
				);
				PRODUCT_BUNDLE_IDENTIFIER = abdurrahman.ParstagramTests;
				PRODUCT_NAME = "$(TARGET_NAME)";
				SWIFT_VERSION = 5.0;
				TARGETED_DEVICE_FAMILY = "1,2";
				TEST_HOST = "$(BUILT_PRODUCTS_DIR)/Parstagram.app/Parstagram";
			};
			name = Release;
		};
		153BF73E25FB1FF20061A276 /* Debug */ = {
			isa = XCBuildConfiguration;
			buildSettings = {
				ALWAYS_EMBED_SWIFT_STANDARD_LIBRARIES = YES;
				CODE_SIGN_STYLE = Automatic;
				INFOPLIST_FILE = ParstagramUITests/Info.plist;
				LD_RUNPATH_SEARCH_PATHS = (
					"$(inherited)",
					"@executable_path/Frameworks",
					"@loader_path/Frameworks",
				);
				PRODUCT_BUNDLE_IDENTIFIER = abdurrahman.ParstagramUITests;
				PRODUCT_NAME = "$(TARGET_NAME)";
				SWIFT_VERSION = 5.0;
				TARGETED_DEVICE_FAMILY = "1,2";
				TEST_TARGET_NAME = Parstagram;
			};
			name = Debug;
		};
		153BF73F25FB1FF20061A276 /* Release */ = {
			isa = XCBuildConfiguration;
			buildSettings = {
				ALWAYS_EMBED_SWIFT_STANDARD_LIBRARIES = YES;
				CODE_SIGN_STYLE = Automatic;
				INFOPLIST_FILE = ParstagramUITests/Info.plist;
				LD_RUNPATH_SEARCH_PATHS = (
					"$(inherited)",
					"@executable_path/Frameworks",
					"@loader_path/Frameworks",
				);
				PRODUCT_BUNDLE_IDENTIFIER = abdurrahman.ParstagramUITests;
				PRODUCT_NAME = "$(TARGET_NAME)";
				SWIFT_VERSION = 5.0;
				TARGETED_DEVICE_FAMILY = "1,2";
				TEST_TARGET_NAME = Parstagram;
			};
			name = Release;
		};
/* End XCBuildConfiguration section */

/* Begin XCConfigurationList section */
		153BF70825FB1FEC0061A276 /* Build configuration list for PBXProject "Parstagram" */ = {
			isa = XCConfigurationList;
			buildConfigurations = (
				153BF73525FB1FF20061A276 /* Debug */,
				153BF73625FB1FF20061A276 /* Release */,
			);
			defaultConfigurationIsVisible = 0;
			defaultConfigurationName = Release;
		};
		153BF73725FB1FF20061A276 /* Build configuration list for PBXNativeTarget "Parstagram" */ = {
			isa = XCConfigurationList;
			buildConfigurations = (
				153BF73825FB1FF20061A276 /* Debug */,
				153BF73925FB1FF20061A276 /* Release */,
			);
			defaultConfigurationIsVisible = 0;
			defaultConfigurationName = Release;
		};
		153BF73A25FB1FF20061A276 /* Build configuration list for PBXNativeTarget "ParstagramTests" */ = {
			isa = XCConfigurationList;
			buildConfigurations = (
				153BF73B25FB1FF20061A276 /* Debug */,
				153BF73C25FB1FF20061A276 /* Release */,
			);
			defaultConfigurationIsVisible = 0;
			defaultConfigurationName = Release;
		};
		153BF73D25FB1FF20061A276 /* Build configuration list for PBXNativeTarget "ParstagramUITests" */ = {
			isa = XCConfigurationList;
			buildConfigurations = (
				153BF73E25FB1FF20061A276 /* Debug */,
				153BF73F25FB1FF20061A276 /* Release */,
			);
			defaultConfigurationIsVisible = 0;
			defaultConfigurationName = Release;
		};
/* End XCConfigurationList section */
	};
	rootObject = 153BF70525FB1FEC0061A276 /* Project object */;
}
